// !$*UTF8*$!
{
	archiveVersion = 1;
	classes = {
	};
	objectVersion = 50;
	objects = {

/* Begin PBXBuildFile section */
		6A674EE924077E39004F2DDD /* main.cpp in Sources */ = {isa = PBXBuildFile; fileRef = 6A674EE824077E39004F2DDD /* main.cpp */; };
		6A674EF124078125004F2DDD /* OpenGL.framework in Frameworks */ = {isa = PBXBuildFile; fileRef = 6A674EF024078125004F2DDD /* OpenGL.framework */; };
		6A674EF3240781A0004F2DDD /* libGLEW.2.1.0.dylib in Frameworks */ = {isa = PBXBuildFile; fileRef = 6A674EF2240781A0004F2DDD /* libGLEW.2.1.0.dylib */; };
		6A674EF5240781C6004F2DDD /* libglfw.3.3.dylib in Frameworks */ = {isa = PBXBuildFile; fileRef = 6A674EF4240781C6004F2DDD /* libglfw.3.3.dylib */; };
		6A674EF92407821E004F2DDD /* glad.c in Sources */ = {isa = PBXBuildFile; fileRef = 6A674EF82407821E004F2DDD /* glad.c */; };
		6A8D6E2E241463AE00167679 /* Sphere.cpp in Sources */ = {isa = PBXBuildFile; fileRef = 6A8D6E2C241463AE00167679 /* Sphere.cpp */; };
		6ACF5609240AF6A100A09DA2 /* init.cpp in Sources */ = {isa = PBXBuildFile; fileRef = 6ACF5607240AF6A100A09DA2 /* init.cpp */; };
		6AF67C7E24185C6800D1591B /* Plane.cpp in Sources */ = {isa = PBXBuildFile; fileRef = 6AF67C7C24185C6800D1591B /* Plane.cpp */; };
/* End PBXBuildFile section */

/* Begin PBXCopyFilesBuildPhase section */
		6A674EE324077E39004F2DDD /* Copy Files */ = {
			isa = PBXCopyFilesBuildPhase;
			buildActionMask = 2147483647;
			dstPath = /usr/share/man/man1/;
			dstSubfolderSpec = 0;
			files = (
			);
			name = "Copy Files";
			runOnlyForDeploymentPostprocessing = 1;
		};
/* End PBXCopyFilesBuildPhase section */

/* Begin PBXFileReference section */
		6A674EE524077E39004F2DDD /* CS230-RigidBodySimulation */ = {isa = PBXFileReference; explicitFileType = "compiled.mach-o.executable"; includeInIndex = 0; path = "CS230-RigidBodySimulation"; sourceTree = BUILT_PRODUCTS_DIR; };
		6A674EE824077E39004F2DDD /* main.cpp */ = {isa = PBXFileReference; lastKnownFileType = sourcecode.cpp.cpp; path = main.cpp; sourceTree = "<group>"; };
		6A674EF024078125004F2DDD /* OpenGL.framework */ = {isa = PBXFileReference; lastKnownFileType = wrapper.framework; name = OpenGL.framework; path = System/Library/Frameworks/OpenGL.framework; sourceTree = SDKROOT; };
		6A674EF2240781A0004F2DDD /* libGLEW.2.1.0.dylib */ = {isa = PBXFileReference; lastKnownFileType = "compiled.mach-o.dylib"; name = libGLEW.2.1.0.dylib; path = ../../../../../../../usr/local/Cellar/glew/2.1.0_1/lib/libGLEW.2.1.0.dylib; sourceTree = "<group>"; };
		6A674EF4240781C6004F2DDD /* libglfw.3.3.dylib */ = {isa = PBXFileReference; lastKnownFileType = "compiled.mach-o.dylib"; name = libglfw.3.3.dylib; path = ../../../../../../../usr/local/Cellar/glfw/3.3.2/lib/libglfw.3.3.dylib; sourceTree = "<group>"; };
		6A674EF82407821E004F2DDD /* glad.c */ = {isa = PBXFileReference; fileEncoding = 4; lastKnownFileType = sourcecode.c.c; path = glad.c; sourceTree = "<group>"; };
		6A8D6E2C241463AE00167679 /* Sphere.cpp */ = {isa = PBXFileReference; lastKnownFileType = sourcecode.cpp.cpp; path = Sphere.cpp; sourceTree = "<group>"; };
		6A8D6E2D241463AE00167679 /* Sphere.h */ = {isa = PBXFileReference; lastKnownFileType = sourcecode.c.h; path = Sphere.h; sourceTree = "<group>"; };
		6AB9722B240ADF5F00115DF9 /* vertex */ = {isa = PBXFileReference; lastKnownFileType = text; path = vertex; sourceTree = "<group>"; };
		6AB9722C240ADF9D00115DF9 /* fragment */ = {isa = PBXFileReference; lastKnownFileType = text; path = fragment; sourceTree = "<group>"; };
		6AC1CFB7241965C300FA86B9 /* Object.h */ = {isa = PBXFileReference; lastKnownFileType = sourcecode.c.h; path = Object.h; sourceTree = "<group>"; };
		6ACF5607240AF6A100A09DA2 /* init.cpp */ = {isa = PBXFileReference; lastKnownFileType = sourcecode.cpp.cpp; path = init.cpp; sourceTree = "<group>"; };
		6ACF560A240AF9B700A09DA2 /* Shader.h */ = {isa = PBXFileReference; lastKnownFileType = sourcecode.c.h; path = Shader.h; sourceTree = "<group>"; };
		6AF67C7C24185C6800D1591B /* Plane.cpp */ = {isa = PBXFileReference; lastKnownFileType = sourcecode.cpp.cpp; path = Plane.cpp; sourceTree = "<group>"; };
		6AF67C7D24185C6800D1591B /* Plane.h */ = {isa = PBXFileReference; lastKnownFileType = sourcecode.c.h; path = Plane.h; sourceTree = "<group>"; };
/* End PBXFileReference section */

/* Begin PBXFrameworksBuildPhase section */
		6A674EE224077E39004F2DDD /* Frameworks */ = {
			isa = PBXFrameworksBuildPhase;
			buildActionMask = 2147483647;
			files = (
				6A674EF5240781C6004F2DDD /* libglfw.3.3.dylib in Frameworks */,
				6A674EF3240781A0004F2DDD /* libGLEW.2.1.0.dylib in Frameworks */,
				6A674EF124078125004F2DDD /* OpenGL.framework in Frameworks */,
			);
			runOnlyForDeploymentPostprocessing = 0;
		};
/* End PBXFrameworksBuildPhase section */

/* Begin PBXGroup section */
		6A674EDC24077E39004F2DDD = {
			isa = PBXGroup;
			children = (
				6A674EE724077E39004F2DDD /* CS230-RigidBodySimulation */,
				6A674EE624077E39004F2DDD /* Products */,
				6A674EEF24078124004F2DDD /* Frameworks */,
			);
			sourceTree = "<group>";
		};
		6A674EE624077E39004F2DDD /* Products */ = {
			isa = PBXGroup;
			children = (
				6A674EE524077E39004F2DDD /* CS230-RigidBodySimulation */,
			);
			name = Products;
			sourceTree = "<group>";
		};
		6A674EE724077E39004F2DDD /* CS230-RigidBodySimulation */ = {
			isa = PBXGroup;
			children = (
				6A674EF82407821E004F2DDD /* glad.c */,
				6A674EE824077E39004F2DDD /* main.cpp */,
				6AB9722B240ADF5F00115DF9 /* vertex */,
				6AB9722C240ADF9D00115DF9 /* fragment */,
				6ACF5607240AF6A100A09DA2 /* init.cpp */,
				6ACF560A240AF9B700A09DA2 /* Shader.h */,
				6A8D6E2C241463AE00167679 /* Sphere.cpp */,
				6A8D6E2D241463AE00167679 /* Sphere.h */,
				6AF67C7C24185C6800D1591B /* Plane.cpp */,
				6AF67C7D24185C6800D1591B /* Plane.h */,
				6AC1CFB7241965C300FA86B9 /* Object.h */,
			);
			path = "CS230-RigidBodySimulation";
			sourceTree = "<group>";
		};
		6A674EEF24078124004F2DDD /* Frameworks */ = {
			isa = PBXGroup;
			children = (
				6A674EF4240781C6004F2DDD /* libglfw.3.3.dylib */,
				6A674EF2240781A0004F2DDD /* libGLEW.2.1.0.dylib */,
				6A674EF024078125004F2DDD /* OpenGL.framework */,
			);
			name = Frameworks;
			sourceTree = "<group>";
		};
/* End PBXGroup section */

/* Begin PBXNativeTarget section */
		6A674EE424077E39004F2DDD /* CS230-RigidBodySimulation */ = {
			isa = PBXNativeTarget;
			buildConfigurationList = 6A674EEC24077E39004F2DDD /* Build configuration list for PBXNativeTarget "CS230-RigidBodySimulation" */;
			buildPhases = (
				6A674EE124077E39004F2DDD /* Sources */,
				6A674EE224077E39004F2DDD /* Frameworks */,
				6A674EE324077E39004F2DDD /* Copy Files */,
			);
			buildRules = (
			);
			dependencies = (
			);
			name = "CS230-RigidBodySimulation";
			productName = "CS230-RigidBodySimulation";
			productReference = 6A674EE524077E39004F2DDD /* CS230-RigidBodySimulation */;
			productType = "com.apple.product-type.tool";
		};
/* End PBXNativeTarget section */

/* Begin PBXProject section */
		6A674EDD24077E39004F2DDD /* Project object */ = {
			isa = PBXProject;
			attributes = {
				LastUpgradeCheck = 1130;
				ORGANIZATIONNAME = "易昕龙";
				TargetAttributes = {
					6A674EE424077E39004F2DDD = {
						CreatedOnToolsVersion = 11.3.1;
					};
				};
			};
			buildConfigurationList = 6A674EE024077E39004F2DDD /* Build configuration list for PBXProject "CS230-RigidBodySimulation" */;
			compatibilityVersion = "Xcode 9.3";
			developmentRegion = en;
			hasScannedForEncodings = 0;
			knownRegions = (
				en,
				Base,
			);
			mainGroup = 6A674EDC24077E39004F2DDD;
			productRefGroup = 6A674EE624077E39004F2DDD /* Products */;
			projectDirPath = "";
			projectRoot = "";
			targets = (
				6A674EE424077E39004F2DDD /* CS230-RigidBodySimulation */,
			);
		};
/* End PBXProject section */

/* Begin PBXSourcesBuildPhase section */
		6A674EE124077E39004F2DDD /* Sources */ = {
			isa = PBXSourcesBuildPhase;
			buildActionMask = 2147483647;
			files = (
				6A674EE924077E39004F2DDD /* main.cpp in Sources */,
				6ACF5609240AF6A100A09DA2 /* init.cpp in Sources */,
				6AF67C7E24185C6800D1591B /* Plane.cpp in Sources */,
				6A8D6E2E241463AE00167679 /* Sphere.cpp in Sources */,
				6A674EF92407821E004F2DDD /* glad.c in Sources */,
			);
			runOnlyForDeploymentPostprocessing = 0;
		};
/* End PBXSourcesBuildPhase section */

/* Begin XCBuildConfiguration section */
		6A674EEA24077E39004F2DDD /* Debug */ = {
			isa = XCBuildConfiguration;
			buildSettings = {
				ALWAYS_SEARCH_USER_PATHS = NO;
				CLANG_ANALYZER_NONNULL = YES;
				CLANG_ANALYZER_NUMBER_OBJECT_CONVERSION = YES_AGGRESSIVE;
				CLANG_CXX_LANGUAGE_STANDARD = "gnu++14";
				CLANG_CXX_LIBRARY = "libc++";
				CLANG_ENABLE_MODULES = YES;
				CLANG_ENABLE_OBJC_ARC = YES;
				CLANG_ENABLE_OBJC_WEAK = YES;
				CLANG_WARN_BLOCK_CAPTURE_AUTORELEASING = YES;
				CLANG_WARN_BOOL_CONVERSION = YES;
				CLANG_WARN_COMMA = YES;
				CLANG_WARN_CONSTANT_CONVERSION = YES;
				CLANG_WARN_DEPRECATED_OBJC_IMPLEMENTATIONS = YES;
				CLANG_WARN_DIRECT_OBJC_ISA_USAGE = YES_ERROR;
				CLANG_WARN_DOCUMENTATION_COMMENTS = YES;
				CLANG_WARN_EMPTY_BODY = YES;
				CLANG_WARN_ENUM_CONVERSION = YES;
				CLANG_WARN_INFINITE_RECURSION = YES;
				CLANG_WARN_INT_CONVERSION = YES;
				CLANG_WARN_NON_LITERAL_NULL_CONVERSION = YES;
				CLANG_WARN_OBJC_IMPLICIT_RETAIN_SELF = YES;
				CLANG_WARN_OBJC_LITERAL_CONVERSION = YES;
				CLANG_WARN_OBJC_ROOT_CLASS = YES_ERROR;
				CLANG_WARN_RANGE_LOOP_ANALYSIS = YES;
				CLANG_WARN_STRICT_PROTOTYPES = YES;
				CLANG_WARN_SUSPICIOUS_MOVE = YES;
				CLANG_WARN_UNGUARDED_AVAILABILITY = YES_AGGRESSIVE;
				CLANG_WARN_UNREACHABLE_CODE = YES;
				CLANG_WARN__DUPLICATE_METHOD_MATCH = YES;
				COPY_PHASE_STRIP = NO;
				DEBUG_INFORMATION_FORMAT = dwarf;
				ENABLE_STRICT_OBJC_MSGSEND = YES;
				ENABLE_TESTABILITY = YES;
				GCC_C_LANGUAGE_STANDARD = gnu11;
				GCC_DYNAMIC_NO_PIC = NO;
				GCC_NO_COMMON_BLOCKS = YES;
				GCC_OPTIMIZATION_LEVEL = 0;
				GCC_PREPROCESSOR_DEFINITIONS = (
					"DEBUG=1",
					"$(inherited)",
				);
				GCC_WARN_64_TO_32_BIT_CONVERSION = YES;
				GCC_WARN_ABOUT_RETURN_TYPE = YES_ERROR;
				GCC_WARN_UNDECLARED_SELECTOR = YES;
				GCC_WARN_UNINITIALIZED_AUTOS = YES_AGGRESSIVE;
				GCC_WARN_UNUSED_FUNCTION = YES;
				GCC_WARN_UNUSED_VARIABLE = YES;
				MACOSX_DEPLOYMENT_TARGET = 10.15;
				MTL_ENABLE_DEBUG_INFO = INCLUDE_SOURCE;
				MTL_FAST_MATH = YES;
				ONLY_ACTIVE_ARCH = YES;
				SDKROOT = macosx;
			};
			name = Debug;
		};
		6A674EEB24077E39004F2DDD /* Release */ = {
			isa = XCBuildConfiguration;
			buildSettings = {
				ALWAYS_SEARCH_USER_PATHS = NO;
				CLANG_ANALYZER_NONNULL = YES;
				CLANG_ANALYZER_NUMBER_OBJECT_CONVERSION = YES_AGGRESSIVE;
				CLANG_CXX_LANGUAGE_STANDARD = "gnu++14";
				CLANG_CXX_LIBRARY = "libc++";
				CLANG_ENABLE_MODULES = YES;
				CLANG_ENABLE_OBJC_ARC = YES;
				CLANG_ENABLE_OBJC_WEAK = YES;
				CLANG_WARN_BLOCK_CAPTURE_AUTORELEASING = YES;
				CLANG_WARN_BOOL_CONVERSION = YES;
				CLANG_WARN_COMMA = YES;
				CLANG_WARN_CONSTANT_CONVERSION = YES;
				CLANG_WARN_DEPRECATED_OBJC_IMPLEMENTATIONS = YES;
				CLANG_WARN_DIRECT_OBJC_ISA_USAGE = YES_ERROR;
				CLANG_WARN_DOCUMENTATION_COMMENTS = YES;
				CLANG_WARN_EMPTY_BODY = YES;
				CLANG_WARN_ENUM_CONVERSION = YES;
				CLANG_WARN_INFINITE_RECURSION = YES;
				CLANG_WARN_INT_CONVERSION = YES;
				CLANG_WARN_NON_LITERAL_NULL_CONVERSION = YES;
				CLANG_WARN_OBJC_IMPLICIT_RETAIN_SELF = YES;
				CLANG_WARN_OBJC_LITERAL_CONVERSION = YES;
				CLANG_WARN_OBJC_ROOT_CLASS = YES_ERROR;
				CLANG_WARN_RANGE_LOOP_ANALYSIS = YES;
				CLANG_WARN_STRICT_PROTOTYPES = YES;
				CLANG_WARN_SUSPICIOUS_MOVE = YES;
				CLANG_WARN_UNGUARDED_AVAILABILITY = YES_AGGRESSIVE;
				CLANG_WARN_UNREACHABLE_CODE = YES;
				CLANG_WARN__DUPLICATE_METHOD_MATCH = YES;
				COPY_PHASE_STRIP = NO;
				DEBUG_INFORMATION_FORMAT = "dwarf-with-dsym";
				ENABLE_NS_ASSERTIONS = NO;
				ENABLE_STRICT_OBJC_MSGSEND = YES;
				GCC_C_LANGUAGE_STANDARD = gnu11;
				GCC_NO_COMMON_BLOCKS = YES;
				GCC_PREPROCESSOR_DEFINITIONS = "";
				GCC_WARN_64_TO_32_BIT_CONVERSION = YES;
				GCC_WARN_ABOUT_RETURN_TYPE = YES_ERROR;
				GCC_WARN_UNDECLARED_SELECTOR = YES;
				GCC_WARN_UNINITIALIZED_AUTOS = YES_AGGRESSIVE;
				GCC_WARN_UNUSED_FUNCTION = YES;
				GCC_WARN_UNUSED_VARIABLE = YES;
				MACOSX_DEPLOYMENT_TARGET = 10.15;
				MTL_ENABLE_DEBUG_INFO = NO;
				MTL_FAST_MATH = YES;
				SDKROOT = macosx;
			};
			name = Release;
		};
		6A674EED24077E39004F2DDD /* Debug */ = {
			isa = XCBuildConfiguration;
			buildSettings = {
				CODE_SIGN_STYLE = Automatic;
				HEADER_SEARCH_PATHS = (
					/usr/local/include,
					/usr/local/include/usr/local/include,
					/usr/local/includes,
					"$(inherited)",
					/usr/local/Cellar/glfw/3.2.1/lib,
					/usr/local/Cellar/glew/2.2.0/lib,
				);
				LIBRARY_SEARCH_PATHS = (
					"$(inherited)",
					/usr/local/Cellar/glew/2.1.0_1/lib,
					/usr/local/Cellar/glfw/3.3.2/lib,
				);
				PRODUCT_NAME = "$(TARGET_NAME)";
			};
			name = Debug;
		};
		6A674EEE24077E39004F2DDD /* Release */ = {
			isa = XCBuildConfiguration;
			buildSettings = {
				CODE_SIGN_STYLE = Automatic;
				HEADER_SEARCH_PATHS = (
					/usr/local/include,
					/usr/local/include/usr/local/include,
					/usr/local/includes,
					"$(inherited)",
					/usr/local/Cellar/glfw/3.2.1/lib,
					/usr/local/Cellar/glew/2.2.0/lib,
				);
				LIBRARY_SEARCH_PATHS = (
					"$(inherited)",
					/usr/local/Cellar/glew/2.1.0_1/lib,
					/usr/local/Cellar/glfw/3.3.2/lib,
				);
				PRODUCT_NAME = "$(TARGET_NAME)";
			};
			name = Release;
		};
/* End XCBuildConfiguration section */

/* Begin XCConfigurationList section */
		6A674EE024077E39004F2DDD /* Build configuration list for PBXProject "CS230-RigidBodySimulation" */ = {
			isa = XCConfigurationList;
			buildConfigurations = (
				6A674EEA24077E39004F2DDD /* Debug */,
				6A674EEB24077E39004F2DDD /* Release */,
			);
			defaultConfigurationIsVisible = 0;
			defaultConfigurationName = Release;
		};
		6A674EEC24077E39004F2DDD /* Build configuration list for PBXNativeTarget "CS230-RigidBodySimulation" */ = {
			isa = XCConfigurationList;
			buildConfigurations = (
				6A674EED24077E39004F2DDD /* Debug */,
				6A674EEE24077E39004F2DDD /* Release */,
			);
			defaultConfigurationIsVisible = 0;
			defaultConfigurationName = Release;
		};
/* End XCConfigurationList section */
	};
	rootObject = 6A674EDD24077E39004F2DDD /* Project object */;
}
